{
  "name": "@marcstober/steacc",
  "version": "0.2.0",
  "lockfileVersion": 3,
  "requires": true,
  "packages": {
    "": {
      "name": "@marcstober/steacc",
      "version": "0.2.0",
      "hasInstallScript": true,
      "license": "UNLICENSED",
      "bin": {
        "steacc": "index.js"
      }
    }
  }
}
